// !$*UTF8*$!
{
	archiveVersion = 1;
	classes = {
	};
	objectVersion = 77;
	objects = {

/* Begin PBXContainerItemProxy section */
		C467DAEC2CEE7E7D006CF67A /* PBXContainerItemProxy */ = {
			isa = PBXContainerItemProxy;
			containerPortal = C467DACD2CEE7E7B006CF67A /* Project object */;
			proxyType = 1;
			remoteGlobalIDString = C467DAD42CEE7E7B006CF67A;
			remoteInfo = ImageRecognitionWithML;
		};
		C467DAF62CEE7E7D006CF67A /* PBXContainerItemProxy */ = {
			isa = PBXContainerItemProxy;
			containerPortal = C467DACD2CEE7E7B006CF67A /* Project object */;
			proxyType = 1;
			remoteGlobalIDString = C467DAD42CEE7E7B006CF67A;
			remoteInfo = ImageRecognitionWithML;
		};
/* End PBXContainerItemProxy section */

/* Begin PBXFileReference section */
		C467DAD52CEE7E7B006CF67A /* ImageRecognitionWithML.app */ = {isa = PBXFileReference; explicitFileType = wrapper.application; includeInIndex = 0; path = ImageRecognitionWithML.app; sourceTree = BUILT_PRODUCTS_DIR; };
		C467DAEB2CEE7E7D006CF67A /* ImageRecognitionWithMLTests.xctest */ = {isa = PBXFileReference; explicitFileType = wrapper.cfbundle; includeInIndex = 0; path = ImageRecognitionWithMLTests.xctest; sourceTree = BUILT_PRODUCTS_DIR; };
		C467DAF52CEE7E7D006CF67A /* ImageRecognitionWithMLUITests.xctest */ = {isa = PBXFileReference; explicitFileType = wrapper.cfbundle; includeInIndex = 0; path = ImageRecognitionWithMLUITests.xctest; sourceTree = BUILT_PRODUCTS_DIR; };
/* End PBXFileReference section */

/* Begin PBXFileSystemSynchronizedBuildFileExceptionSet section */
		C467DAFD2CEE7E7D006CF67A /* Exceptions for "ImageRecognitionWithML" folder in "ImageRecognitionWithML" target */ = {
			isa = PBXFileSystemSynchronizedBuildFileExceptionSet;
			membershipExceptions = (
				Info.plist,
			);
			target = C467DAD42CEE7E7B006CF67A /* ImageRecognitionWithML */;
		};
/* End PBXFileSystemSynchronizedBuildFileExceptionSet section */

/* Begin PBXFileSystemSynchronizedRootGroup section */
		C467DAD72CEE7E7B006CF67A /* ImageRecognitionWithML */ = {
			isa = PBXFileSystemSynchronizedRootGroup;
			exceptions = (
				C467DAFD2CEE7E7D006CF67A /* Exceptions for "ImageRecognitionWithML" folder in "ImageRecognitionWithML" target */,
			);
			path = ImageRecognitionWithML;
			sourceTree = "<group>";
		};
		C467DAEE2CEE7E7D006CF67A /* ImageRecognitionWithMLTests */ = {
			isa = PBXFileSystemSynchronizedRootGroup;
			path = ImageRecognitionWithMLTests;
			sourceTree = "<group>";
		};
		C467DAF82CEE7E7D006CF67A /* ImageRecognitionWithMLUITests */ = {
			isa = PBXFileSystemSynchronizedRootGroup;
			path = ImageRecognitionWithMLUITests;
			sourceTree = "<group>";
		};
/* End PBXFileSystemSynchronizedRootGroup section */

/* Begin PBXFrameworksBuildPhase section */
		C467DAD22CEE7E7B006CF67A /* Frameworks */ = {
			isa = PBXFrameworksBuildPhase;
			buildActionMask = 2147483647;
			files = (
			);
			runOnlyForDeploymentPostprocessing = 0;
		};
		C467DAE82CEE7E7D006CF67A /* Frameworks */ = {
			isa = PBXFrameworksBuildPhase;
			buildActionMask = 2147483647;
			files = (
			);
			runOnlyForDeploymentPostprocessing = 0;
		};
		C467DAF22CEE7E7D006CF67A /* Frameworks */ = {
			isa = PBXFrameworksBuildPhase;
			buildActionMask = 2147483647;
			files = (
			);
			runOnlyForDeploymentPostprocessing = 0;
		};
/* End PBXFrameworksBuildPhase section */

/* Begin PBXGroup section */
		C467DACC2CEE7E7B006CF67A = {
			isa = PBXGroup;
			children = (
				C467DAD72CEE7E7B006CF67A /* ImageRecognitionWithML */,
				C467DAEE2CEE7E7D006CF67A /* ImageRecognitionWithMLTests */,
				C467DAF82CEE7E7D006CF67A /* ImageRecognitionWithMLUITests */,
				C467DAD62CEE7E7B006CF67A /* Products */,
			);
			sourceTree = "<group>";
		};
		C467DAD62CEE7E7B006CF67A /* Products */ = {
			isa = PBXGroup;
			children = (
				C467DAD52CEE7E7B006CF67A /* ImageRecognitionWithML.app */,
				C467DAEB2CEE7E7D006CF67A /* ImageRecognitionWithMLTests.xctest */,
				C467DAF52CEE7E7D006CF67A /* ImageRecognitionWithMLUITests.xctest */,
			);
			name = Products;
			sourceTree = "<group>";
		};
/* End PBXGroup section */

/* Begin PBXNativeTarget section */
		C467DAD42CEE7E7B006CF67A /* ImageRecognitionWithML */ = {
			isa = PBXNativeTarget;
			buildConfigurationList = C467DAFE2CEE7E7D006CF67A /* Build configuration list for PBXNativeTarget "ImageRecognitionWithML" */;
			buildPhases = (
				C467DAD12CEE7E7B006CF67A /* Sources */,
				C467DAD22CEE7E7B006CF67A /* Frameworks */,
				C467DAD32CEE7E7B006CF67A /* Resources */,
			);
			buildRules = (
			);
			dependencies = (
			);
			fileSystemSynchronizedGroups = (
				C467DAD72CEE7E7B006CF67A /* ImageRecognitionWithML */,
			);
			name = ImageRecognitionWithML;
			packageProductDependencies = (
			);
			productName = ImageRecognitionWithML;
			productReference = C467DAD52CEE7E7B006CF67A /* ImageRecognitionWithML.app */;
			productType = "com.apple.product-type.application";
		};
		C467DAEA2CEE7E7D006CF67A /* ImageRecognitionWithMLTests */ = {
			isa = PBXNativeTarget;
			buildConfigurationList = C467DB032CEE7E7D006CF67A /* Build configuration list for PBXNativeTarget "ImageRecognitionWithMLTests" */;
			buildPhases = (
				C467DAE72CEE7E7D006CF67A /* Sources */,
				C467DAE82CEE7E7D006CF67A /* Frameworks */,
				C467DAE92CEE7E7D006CF67A /* Resources */,
			);
			buildRules = (
			);
			dependencies = (
				C467DAED2CEE7E7D006CF67A /* PBXTargetDependency */,
			);
			fileSystemSynchronizedGroups = (
				C467DAEE2CEE7E7D006CF67A /* ImageRecognitionWithMLTests */,
			);
			name = ImageRecognitionWithMLTests;
			packageProductDependencies = (
			);
			productName = ImageRecognitionWithMLTests;
			productReference = C467DAEB2CEE7E7D006CF67A /* ImageRecognitionWithMLTests.xctest */;
			productType = "com.apple.product-type.bundle.unit-test";
		};
		C467DAF42CEE7E7D006CF67A /* ImageRecognitionWithMLUITests */ = {
			isa = PBXNativeTarget;
			buildConfigurationList = C467DB062CEE7E7D006CF67A /* Build configuration list for PBXNativeTarget "ImageRecognitionWithMLUITests" */;
			buildPhases = (
				C467DAF12CEE7E7D006CF67A /* Sources */,
				C467DAF22CEE7E7D006CF67A /* Frameworks */,
				C467DAF32CEE7E7D006CF67A /* Resources */,
			);
			buildRules = (
			);
			dependencies = (
				C467DAF72CEE7E7D006CF67A /* PBXTargetDependency */,
			);
			fileSystemSynchronizedGroups = (
				C467DAF82CEE7E7D006CF67A /* ImageRecognitionWithMLUITests */,
			);
			name = ImageRecognitionWithMLUITests;
			packageProductDependencies = (
			);
			productName = ImageRecognitionWithMLUITests;
			productReference = C467DAF52CEE7E7D006CF67A /* ImageRecognitionWithMLUITests.xctest */;
			productType = "com.apple.product-type.bundle.ui-testing";
		};
/* End PBXNativeTarget section */

/* Begin PBXProject section */
		C467DACD2CEE7E7B006CF67A /* Project object */ = {
			isa = PBXProject;
			attributes = {
				BuildIndependentTargetsInParallel = 1;
				LastSwiftUpdateCheck = 1610;
				LastUpgradeCheck = 1610;
				TargetAttributes = {
					C467DAD42CEE7E7B006CF67A = {
						CreatedOnToolsVersion = 16.1;
					};
					C467DAEA2CEE7E7D006CF67A = {
						CreatedOnToolsVersion = 16.1;
						TestTargetID = C467DAD42CEE7E7B006CF67A;
					};
					C467DAF42CEE7E7D006CF67A = {
						CreatedOnToolsVersion = 16.1;
						TestTargetID = C467DAD42CEE7E7B006CF67A;
					};
				};
			};
			buildConfigurationList = C467DAD02CEE7E7B006CF67A /* Build configuration list for PBXProject "ImageRecognitionWithML" */;
			developmentRegion = en;
			hasScannedForEncodings = 0;
			knownRegions = (
				en,
				Base,
			);
			mainGroup = C467DACC2CEE7E7B006CF67A;
			minimizedProjectReferenceProxies = 1;
			preferredProjectObjectVersion = 77;
			productRefGroup = C467DAD62CEE7E7B006CF67A /* Products */;
			projectDirPath = "";
			projectRoot = "";
			targets = (
				C467DAD42CEE7E7B006CF67A /* ImageRecognitionWithML */,
				C467DAEA2CEE7E7D006CF67A /* ImageRecognitionWithMLTests */,
				C467DAF42CEE7E7D006CF67A /* ImageRecognitionWithMLUITests */,
			);
		};
/* End PBXProject section */

/* Begin PBXResourcesBuildPhase section */
		C467DAD32CEE7E7B006CF67A /* Resources */ = {
			isa = PBXResourcesBuildPhase;
			buildActionMask = 2147483647;
			files = (
			);
			runOnlyForDeploymentPostprocessing = 0;
		};
		C467DAE92CEE7E7D006CF67A /* Resources */ = {
			isa = PBXResourcesBuildPhase;
			buildActionMask = 2147483647;
			files = (
			);
			runOnlyForDeploymentPostprocessing = 0;
		};
		C467DAF32CEE7E7D006CF67A /* Resources */ = {
			isa = PBXResourcesBuildPhase;
			buildActionMask = 2147483647;
			files = (
			);
			runOnlyForDeploymentPostprocessing = 0;
		};
/* End PBXResourcesBuildPhase section */

/* Begin PBXSourcesBuildPhase section */
		C467DAD12CEE7E7B006CF67A /* Sources */ = {
			isa = PBXSourcesBuildPhase;
			buildActionMask = 2147483647;
			files = (
			);
			runOnlyForDeploymentPostprocessing = 0;
		};
		C467DAE72CEE7E7D006CF67A /* Sources */ = {
			isa = PBXSourcesBuildPhase;
			buildActionMask = 2147483647;
			files = (
			);
			runOnlyForDeploymentPostprocessing = 0;
		};
		C467DAF12CEE7E7D006CF67A /* Sources */ = {
			isa = PBXSourcesBuildPhase;
			buildActionMask = 2147483647;
			files = (
			);
			runOnlyForDeploymentPostprocessing = 0;
		};
/* End PBXSourcesBuildPhase section */

/* Begin PBXTargetDependency section */
		C467DAED2CEE7E7D006CF67A /* PBXTargetDependency */ = {
			isa = PBXTargetDependency;
			target = C467DAD42CEE7E7B006CF67A /* ImageRecognitionWithML */;
			targetProxy = C467DAEC2CEE7E7D006CF67A /* PBXContainerItemProxy */;
		};
		C467DAF72CEE7E7D006CF67A /* PBXTargetDependency */ = {
			isa = PBXTargetDependency;
			target = C467DAD42CEE7E7B006CF67A /* ImageRecognitionWithML */;
			targetProxy = C467DAF62CEE7E7D006CF67A /* PBXContainerItemProxy */;
		};
/* End PBXTargetDependency section */

/* Begin XCBuildConfiguration section */
		C467DAFF2CEE7E7D006CF67A /* Debug */ = {
			isa = XCBuildConfiguration;
			buildSettings = {
				ASSETCATALOG_COMPILER_APPICON_NAME = AppIcon;
				ASSETCATALOG_COMPILER_GLOBAL_ACCENT_COLOR_NAME = AccentColor;
				CODE_SIGN_STYLE = Automatic;
				CURRENT_PROJECT_VERSION = 1;
				GENERATE_INFOPLIST_FILE = YES;
				INFOPLIST_FILE = ImageRecognitionWithML/Info.plist;
				INFOPLIST_KEY_UIApplicationSupportsIndirectInputEvents = YES;
				INFOPLIST_KEY_UILaunchStoryboardName = LaunchScreen;
				INFOPLIST_KEY_UIMainStoryboardFile = Main;
				INFOPLIST_KEY_UISupportedInterfaceOrientations_iPad = "UIInterfaceOrientationPortrait UIInterfaceOrientationPortraitUpsideDown UIInterfaceOrientationLandscapeLeft UIInterfaceOrientationLandscapeRight";
				INFOPLIST_KEY_UISupportedInterfaceOrientations_iPhone = "UIInterfaceOrientationPortrait UIInterfaceOrientationLandscapeLeft UIInterfaceOrientationLandscapeRight";
				LD_RUNPATH_SEARCH_PATHS = (
					"$(inherited)",
					"@executable_path/Frameworks",
				);
				MARKETING_VERSION = 1.0;
				PRODUCT_BUNDLE_IDENTIFIER = korkmazanil.ImageRecognitionWithML;
				PRODUCT_NAME = "$(TARGET_NAME)";
				SWIFT_EMIT_LOC_STRINGS = YES;
				SWIFT_VERSION = 5.0;
				TARGETED_DEVICE_FAMILY = "1,2";
			};
			name = Debug;
		};
		C467DB002CEE7E7D006CF67A /* Release */ = {
			isa = XCBuildConfiguration;
			buildSettings = {
				ASSETCATALOG_COMPILER_APPICON_NAME = AppIcon;
				ASSETCATALOG_COMPILER_GLOBAL_ACCENT_COLOR_NAME = AccentColor;
				CODE_SIGN_STYLE = Automatic;
				CURRENT_PROJECT_VERSION = 1;
				GENERATE_INFOPLIST_FILE = YES;
				INFOPLIST_FILE = ImageRecognitionWithML/Info.plist;
				INFOPLIST_KEY_UIApplicationSupportsIndirectInputEvents = YES;
				INFOPLIST_KEY_UILaunchStoryboardName = LaunchScreen;
				INFOPLIST_KEY_UIMainStoryboardFile = Main;
				INFOPLIST_KEY_UISupportedInterfaceOrientations_iPad = "UIInterfaceOrientationPortrait UIInterfaceOrientationPortraitUpsideDown UIInterfaceOrientationLandscapeLeft UIInterfaceOrientationLandscapeRight";
				INFOPLIST_KEY_UISupportedInterfaceOrientations_iPhone = "UIInterfaceOrientationPortrait UIInterfaceOrientationLandscapeLeft UIInterfaceOrientationLandscapeRight";
				LD_RUNPATH_SEARCH_PATHS = (
					"$(inherited)",
					"@executable_path/Frameworks",
				);
				MARKETING_VERSION = 1.0;
				PRODUCT_BUNDLE_IDENTIFIER = korkmazanil.ImageRecognitionWithML;
				PRODUCT_NAME = "$(TARGET_NAME)";
				SWIFT_EMIT_LOC_STRINGS = YES;
				SWIFT_VERSION = 5.0;
				TARGETED_DEVICE_FAMILY = "1,2";
			};
			name = Release;
		};
		C467DB012CEE7E7D006CF67A /* Debug */ = {
			isa = XCBuildConfiguration;
			buildSettings = {
				ALWAYS_SEARCH_USER_PATHS = NO;
				ASSETCATALOG_COMPILER_GENERATE_SWIFT_ASSET_SYMBOL_EXTENSIONS = YES;
				CLANG_ANALYZER_NONNULL = YES;
				CLANG_ANALYZER_NUMBER_OBJECT_CONVERSION = YES_AGGRESSIVE;
				CLANG_CXX_LANGUAGE_STANDARD = "gnu++20";
				CLANG_ENABLE_MODULES = YES;
				CLANG_ENABLE_OBJC_ARC = YES;
				CLANG_ENABLE_OBJC_WEAK = YES;
				CLANG_WARN_BLOCK_CAPTURE_AUTORELEASING = YES;
				CLANG_WARN_BOOL_CONVERSION = YES;
				CLANG_WARN_COMMA = YES;
				CLANG_WARN_CONSTANT_CONVERSION = YES;
				CLANG_WARN_DEPRECATED_OBJC_IMPLEMENTATIONS = YES;
				CLANG_WARN_DIRECT_OBJC_ISA_USAGE = YES_ERROR;
				CLANG_WARN_DOCUMENTATION_COMMENTS = YES;
				CLANG_WARN_EMPTY_BODY = YES;
				CLANG_WARN_ENUM_CONVERSION = YES;
				CLANG_WARN_INFINITE_RECURSION = YES;
				CLANG_WARN_INT_CONVERSION = YES;
				CLANG_WARN_NON_LITERAL_NULL_CONVERSION = YES;
				CLANG_WARN_OBJC_IMPLICIT_RETAIN_SELF = YES;
				CLANG_WARN_OBJC_LITERAL_CONVERSION = YES;
				CLANG_WARN_OBJC_ROOT_CLASS = YES_ERROR;
				CLANG_WARN_QUOTED_INCLUDE_IN_FRAMEWORK_HEADER = YES;
				CLANG_WARN_RANGE_LOOP_ANALYSIS = YES;
				CLANG_WARN_STRICT_PROTOTYPES = YES;
				CLANG_WARN_SUSPICIOUS_MOVE = YES;
				CLANG_WARN_UNGUARDED_AVAILABILITY = YES_AGGRESSIVE;
				CLANG_WARN_UNREACHABLE_CODE = YES;
				CLANG_WARN__DUPLICATE_METHOD_MATCH = YES;
				COPY_PHASE_STRIP = NO;
				DEBUG_INFORMATION_FORMAT = dwarf;
				ENABLE_STRICT_OBJC_MSGSEND = YES;
				ENABLE_TESTABILITY = YES;
				ENABLE_USER_SCRIPT_SANDBOXING = YES;
				GCC_C_LANGUAGE_STANDARD = gnu17;
				GCC_DYNAMIC_NO_PIC = NO;
				GCC_NO_COMMON_BLOCKS = YES;
				GCC_OPTIMIZATION_LEVEL = 0;
				GCC_PREPROCESSOR_DEFINITIONS = (
					"DEBUG=1",
					"$(inherited)",
				);
				GCC_WARN_64_TO_32_BIT_CONVERSION = YES;
				GCC_WARN_ABOUT_RETURN_TYPE = YES_ERROR;
				GCC_WARN_UNDECLARED_SELECTOR = YES;
				GCC_WARN_UNINITIALIZED_AUTOS = YES_AGGRESSIVE;
				GCC_WARN_UNUSED_FUNCTION = YES;
				GCC_WARN_UNUSED_VARIABLE = YES;
				IPHONEOS_DEPLOYMENT_TARGET = 18.1;
				LOCALIZATION_PREFERS_STRING_CATALOGS = YES;
				MTL_ENABLE_DEBUG_INFO = INCLUDE_SOURCE;
				MTL_FAST_MATH = YES;
				ONLY_ACTIVE_ARCH = YES;
				SDKROOT = iphoneos;
				SWIFT_ACTIVE_COMPILATION_CONDITIONS = "DEBUG $(inherited)";
				SWIFT_OPTIMIZATION_LEVEL = "-Onone";
			};
			name = Debug;
		};
		C467DB022CEE7E7D006CF67A /* Release */ = {
			isa = XCBuildConfiguration;
			buildSettings = {
				ALWAYS_SEARCH_USER_PATHS = NO;
				ASSETCATALOG_COMPILER_GENERATE_SWIFT_ASSET_SYMBOL_EXTENSIONS = YES;
				CLANG_ANALYZER_NONNULL = YES;
				CLANG_ANALYZER_NUMBER_OBJECT_CONVERSION = YES_AGGRESSIVE;
				CLANG_CXX_LANGUAGE_STANDARD = "gnu++20";
				CLANG_ENABLE_MODULES = YES;
				CLANG_ENABLE_OBJC_ARC = YES;
				CLANG_ENABLE_OBJC_WEAK = YES;
				CLANG_WARN_BLOCK_CAPTURE_AUTORELEASING = YES;
				CLANG_WARN_BOOL_CONVERSION = YES;
				CLANG_WARN_COMMA = YES;
				CLANG_WARN_CONSTANT_CONVERSION = YES;
				CLANG_WARN_DEPRECATED_OBJC_IMPLEMENTATIONS = YES;
				CLANG_WARN_DIRECT_OBJC_ISA_USAGE = YES_ERROR;
				CLANG_WARN_DOCUMENTATION_COMMENTS = YES;
				CLANG_WARN_EMPTY_BODY = YES;
				CLANG_WARN_ENUM_CONVERSION = YES;
				CLANG_WARN_INFINITE_RECURSION = YES;
				CLANG_WARN_INT_CONVERSION = YES;
				CLANG_WARN_NON_LITERAL_NULL_CONVERSION = YES;
				CLANG_WARN_OBJC_IMPLICIT_RETAIN_SELF = YES;
				CLANG_WARN_OBJC_LITERAL_CONVERSION = YES;
				CLANG_WARN_OBJC_ROOT_CLASS = YES_ERROR;
				CLANG_WARN_QUOTED_INCLUDE_IN_FRAMEWORK_HEADER = YES;
				CLANG_WARN_RANGE_LOOP_ANALYSIS = YES;
				CLANG_WARN_STRICT_PROTOTYPES = YES;
				CLANG_WARN_SUSPICIOUS_MOVE = YES;
				CLANG_WARN_UNGUARDED_AVAILABILITY = YES_AGGRESSIVE;
				CLANG_WARN_UNREACHABLE_CODE = YES;
				CLANG_WARN__DUPLICATE_METHOD_MATCH = YES;
				COPY_PHASE_STRIP = NO;
				DEBUG_INFORMATION_FORMAT = "dwarf-with-dsym";
				ENABLE_NS_ASSERTIONS = NO;
				ENABLE_STRICT_OBJC_MSGSEND = YES;
				ENABLE_USER_SCRIPT_SANDBOXING = YES;
				GCC_C_LANGUAGE_STANDARD = gnu17;
				GCC_NO_COMMON_BLOCKS = YES;
				GCC_WARN_64_TO_32_BIT_CONVERSION = YES;
				GCC_WARN_ABOUT_RETURN_TYPE = YES_ERROR;
				GCC_WARN_UNDECLARED_SELECTOR = YES;
				GCC_WARN_UNINITIALIZED_AUTOS = YES_AGGRESSIVE;
				GCC_WARN_UNUSED_FUNCTION = YES;
				GCC_WARN_UNUSED_VARIABLE = YES;
				IPHONEOS_DEPLOYMENT_TARGET = 18.1;
				LOCALIZATION_PREFERS_STRING_CATALOGS = YES;
				MTL_ENABLE_DEBUG_INFO = NO;
				MTL_FAST_MATH = YES;
				SDKROOT = iphoneos;
				SWIFT_COMPILATION_MODE = wholemodule;
				VALIDATE_PRODUCT = YES;
			};
			name = Release;
		};
		C467DB042CEE7E7D006CF67A /* Debug */ = {
			isa = XCBuildConfiguration;
			buildSettings = {
				BUNDLE_LOADER = "$(TEST_HOST)";
				CODE_SIGN_STYLE = Automatic;
				CURRENT_PROJECT_VERSION = 1;
				GENERATE_INFOPLIST_FILE = YES;
				IPHONEOS_DEPLOYMENT_TARGET = 18.1;
				MARKETING_VERSION = 1.0;
				PRODUCT_BUNDLE_IDENTIFIER = korkmazanil.ImageRecognitionWithMLTests;
				PRODUCT_NAME = "$(TARGET_NAME)";
				SWIFT_EMIT_LOC_STRINGS = NO;
				SWIFT_VERSION = 5.0;
				TARGETED_DEVICE_FAMILY = "1,2";
				TEST_HOST = "$(BUILT_PRODUCTS_DIR)/ImageRecognitionWithML.app/$(BUNDLE_EXECUTABLE_FOLDER_PATH)/ImageRecognitionWithML";
			};
			name = Debug;
		};
		C467DB052CEE7E7D006CF67A /* Release */ = {
			isa = XCBuildConfiguration;
			buildSettings = {
				BUNDLE_LOADER = "$(TEST_HOST)";
				CODE_SIGN_STYLE = Automatic;
				CURRENT_PROJECT_VERSION = 1;
				GENERATE_INFOPLIST_FILE = YES;
				IPHONEOS_DEPLOYMENT_TARGET = 18.1;
				MARKETING_VERSION = 1.0;
				PRODUCT_BUNDLE_IDENTIFIER = korkmazanil.ImageRecognitionWithMLTests;
				PRODUCT_NAME = "$(TARGET_NAME)";
				SWIFT_EMIT_LOC_STRINGS = NO;
				SWIFT_VERSION = 5.0;
				TARGETED_DEVICE_FAMILY = "1,2";
				TEST_HOST = "$(BUILT_PRODUCTS_DIR)/ImageRecognitionWithML.app/$(BUNDLE_EXECUTABLE_FOLDER_PATH)/ImageRecognitionWithML";
			};
			name = Release;
		};
		C467DB072CEE7E7D006CF67A /* Debug */ = {
			isa = XCBuildConfiguration;
			buildSettings = {
				CODE_SIGN_STYLE = Automatic;
				CURRENT_PROJECT_VERSION = 1;
				GENERATE_INFOPLIST_FILE = YES;
				MARKETING_VERSION = 1.0;
				PRODUCT_BUNDLE_IDENTIFIER = korkmazanil.ImageRecognitionWithMLUITests;
				PRODUCT_NAME = "$(TARGET_NAME)";
				SWIFT_EMIT_LOC_STRINGS = NO;
				SWIFT_VERSION = 5.0;
				TARGETED_DEVICE_FAMILY = "1,2";
				TEST_TARGET_NAME = ImageRecognitionWithML;
			};
			name = Debug;
		};
		C467DB082CEE7E7D006CF67A /* Release */ = {
			isa = XCBuildConfiguration;
			buildSettings = {
				CODE_SIGN_STYLE = Automatic;
				CURRENT_PROJECT_VERSION = 1;
				GENERATE_INFOPLIST_FILE = YES;
				MARKETING_VERSION = 1.0;
				PRODUCT_BUNDLE_IDENTIFIER = korkmazanil.ImageRecognitionWithMLUITests;
				PRODUCT_NAME = "$(TARGET_NAME)";
				SWIFT_EMIT_LOC_STRINGS = NO;
				SWIFT_VERSION = 5.0;
				TARGETED_DEVICE_FAMILY = "1,2";
				TEST_TARGET_NAME = ImageRecognitionWithML;
			};
			name = Release;
		};
/* End XCBuildConfiguration section */

/* Begin XCConfigurationList section */
		C467DAD02CEE7E7B006CF67A /* Build configuration list for PBXProject "ImageRecognitionWithML" */ = {
			isa = XCConfigurationList;
			buildConfigurations = (
				C467DB012CEE7E7D006CF67A /* Debug */,
				C467DB022CEE7E7D006CF67A /* Release */,
			);
			defaultConfigurationIsVisible = 0;
			defaultConfigurationName = Release;
		};
		C467DAFE2CEE7E7D006CF67A /* Build configuration list for PBXNativeTarget "ImageRecognitionWithML" */ = {
			isa = XCConfigurationList;
			buildConfigurations = (
				C467DAFF2CEE7E7D006CF67A /* Debug */,
				C467DB002CEE7E7D006CF67A /* Release */,
			);
			defaultConfigurationIsVisible = 0;
			defaultConfigurationName = Release;
		};
		C467DB032CEE7E7D006CF67A /* Build configuration list for PBXNativeTarget "ImageRecognitionWithMLTests" */ = {
			isa = XCConfigurationList;
			buildConfigurations = (
				C467DB042CEE7E7D006CF67A /* Debug */,
				C467DB052CEE7E7D006CF67A /* Release */,
			);
			defaultConfigurationIsVisible = 0;
			defaultConfigurationName = Release;
		};
		C467DB062CEE7E7D006CF67A /* Build configuration list for PBXNativeTarget "ImageRecognitionWithMLUITests" */ = {
			isa = XCConfigurationList;
			buildConfigurations = (
				C467DB072CEE7E7D006CF67A /* Debug */,
				C467DB082CEE7E7D006CF67A /* Release */,
			);
			defaultConfigurationIsVisible = 0;
			defaultConfigurationName = Release;
		};
/* End XCConfigurationList section */
	};
	rootObject = C467DACD2CEE7E7B006CF67A /* Project object */;
}
